
Microsoft Visual Studio Solution File, Format Version 12.00
# Visual Studio Version 17
VisualStudioVersion = 17.8.34322.80
MinimumVisualStudioVersion = 10.0.40219.1
Project("{FAE04EC0-301F-11D3-BF4B-00C04F79EFBC}") = "PersonelServer.WebApi", "PersonelServer.WebApi\PersonelServer.WebApi.csproj", "{6F6A14B1-E2AB-4662-AFC1-1667E319D9B2}"
EndProject
Project("{FAE04EC0-301F-11D3-BF4B-00C04F79EFBC}") = "PersonelServer.Domain", "PersonelServer.Domain\PersonelServer.Domain.csproj", "{615C61FF-18F8-4A2A-9887-C36D424CEAFC}"
EndProject
Project("{FAE04EC0-301F-11D3-BF4B-00C04F79EFBC}") = "PersonelServer.Infrastructure", "PersonelServer.Infrastructure\PersonelServer.Infrastructure.csproj", "{925A303C-7A83-4879-BE63-1379FDE5A5CB}"
EndProject
Global
	GlobalSection(SolutionConfigurationPlatforms) = preSolution
		Debug|Any CPU = Debug|Any CPU
		Release|Any CPU = Release|Any CPU
	EndGlobalSection
	GlobalSection(ProjectConfigurationPlatforms) = postSolution
		{6F6A14B1-E2AB-4662-AFC1-1667E319D9B2}.Debug|Any CPU.ActiveCfg = Debug|Any CPU
		{6F6A14B1-E2AB-4662-AFC1-1667E319D9B2}.Debug|Any CPU.Build.0 = Debug|Any CPU
		{6F6A14B1-E2AB-4662-AFC1-1667E319D9B2}.Release|Any CPU.ActiveCfg = Release|Any CPU
		{6F6A14B1-E2AB-4662-AFC1-1667E319D9B2}.Release|Any CPU.Build.0 = Release|Any CPU
		{615C61FF-18F8-4A2A-9887-C36D424CEAFC}.Debug|Any CPU.ActiveCfg = Debug|Any CPU
		{615C61FF-18F8-4A2A-9887-C36D424CEAFC}.Debug|Any CPU.Build.0 = Debug|Any CPU
		{615C61FF-18F8-4A2A-9887-C36D424CEAFC}.Release|Any CPU.ActiveCfg = Release|Any CPU
		{615C61FF-18F8-4A2A-9887-C36D424CEAFC}.Release|Any CPU.Build.0 = Release|Any CPU
		{925A303C-7A83-4879-BE63-1379FDE5A5CB}.Debug|Any CPU.ActiveCfg = Debug|Any CPU
		{925A303C-7A83-4879-BE63-1379FDE5A5CB}.Debug|Any CPU.Build.0 = Debug|Any CPU
		{925A303C-7A83-4879-BE63-1379FDE5A5CB}.Release|Any CPU.ActiveCfg = Release|Any CPU
		{925A303C-7A83-4879-BE63-1379FDE5A5CB}.Release|Any CPU.Build.0 = Release|Any CPU
	EndGlobalSection
	GlobalSection(SolutionProperties) = preSolution
		HideSolutionNode = FALSE
	EndGlobalSection
	GlobalSection(ExtensibilityGlobals) = postSolution
		SolutionGuid = {76CDAD9B-80C1-4440-9675-40FD5BF3EDCF}
	EndGlobalSection
EndGlobal
